{
  "originHash" : "44439394383ad026e213ccfa8261f146f196b2c1d4da13b583da1536e6aa84ee",
  "pins" : [
    {
      "identity" : "flower-sdk-ios",
      "kind" : "remoteSourceControl",
      "location" : "https://github.com/anypointmedia/flower-sdk-ios",
      "state" : {
        "revision" : "065d8cfad43f8772e2f90636a1f894be41f32ec4",
        "version" : "1.0.5"
      }
    },
    {
      "identity" : "fuzi",
      "kind" : "remoteSourceControl",
      "location" : "https://github.com/cezheng/Fuzi",
      "state" : {
        "revision" : "f08c8323da21e985f3772610753bcfc652c2103f",
        "version" : "3.1.3"
      }
    }
  ],
  "version" : 3
}
