{
  "originHash" : "44439394383ad026e213ccfa8261f146f196b2c1d4da13b583da1536e6aa84ee",
  "pins" : [
    {
      "identity" : "devicekit",
      "kind" : "remoteSourceControl",
      "location" : "https://github.com/devicekit/DeviceKit",
      "state" : {
        "revision" : "5757447e9f92c476ee2ca41ead7eb6db07936430",
        "version" : "5.4.0"
      }
    },
    {
      "identity" : "flower-sdk-ios",
      "kind" : "remoteSourceControl",
      "location" : "https://github.com/anypointmedia/flower-sdk-ios",
      "state" : {
        "revision" : "13fa31d924f28a96edc016474584f131293065fb",
        "version" : "1.0.7"
      }
    },
    {
      "identity" : "fuzi",
      "kind" : "remoteSourceControl",
      "location" : "https://github.com/cezheng/Fuzi",
      "state" : {
        "revision" : "f08c8323da21e985f3772610753bcfc652c2103f",
        "version" : "3.1.3"
      }
    }
  ],
  "version" : 3
}
