// !$*UTF8*$!
{
	archiveVersion = 1;
	classes = {
	};
	objectVersion = 56;
	objects = {

/* Begin PBXBuildFile section */
		948658E87D45737AA6654652 /* FlowerSdkSample-Bridging-Header.h in Resources */ = {isa = PBXBuildFile; fileRef = 948654545393E0722AC93990 /* FlowerSdkSample-Bridging-Header.h */; };
		BBD2A5512B567EA2001A2E91 /* Assets.xcassets in Resources */ = {isa = PBXBuildFile; fileRef = BBD2A5502B567EA2001A2E91 /* Assets.xcassets */; };
		BBD2A5542B567EA2001A2E91 /* Preview Assets.xcassets in Resources */ = {isa = PBXBuildFile; fileRef = BBD2A5532B567EA2001A2E91 /* Preview Assets.xcassets */; };
		CD359C212BA75326007F6F9C /* README.md in Resources */ = {isa = PBXBuildFile; fileRef = CD359C202BA75326007F6F9C /* README.md */; };
		CD359C272BA7543B007F6F9C /* FlowerSdk in Frameworks */ = {isa = PBXBuildFile; productRef = CD359C262BA7543B007F6F9C /* FlowerSdk */; };
		CDEBEC522BA60F8300430550 /* Video.swift in Sources */ = {isa = PBXBuildFile; fileRef = CDEBEC4D2BA60F8300430550 /* Video.swift */; };
		CDEBEC532BA60F8300430550 /* FlowerSdkSampleApp.swift in Sources */ = {isa = PBXBuildFile; fileRef = CDEBEC4E2BA60F8300430550 /* FlowerSdkSampleApp.swift */; };
		CDEBEC542BA60F8300430550 /* PlaybackView.swift in Sources */ = {isa = PBXBuildFile; fileRef = CDEBEC4F2BA60F8300430550 /* PlaybackView.swift */; };
		CDEBEC552BA60F8300430550 /* VideoListView.swift in Sources */ = {isa = PBXBuildFile; fileRef = CDEBEC502BA60F8300430550 /* VideoListView.swift */; };
		CDEBEC562BA60F8300430550 /* VideoList.swift in Sources */ = {isa = PBXBuildFile; fileRef = CDEBEC512BA60F8300430550 /* VideoList.swift */; };
/* End PBXBuildFile section */

/* Begin PBXFileReference section */
		948654545393E0722AC93990 /* FlowerSdkSample-Bridging-Header.h */ = {isa = PBXFileReference; lastKnownFileType = file.h; path = "FlowerSdkSample-Bridging-Header.h"; sourceTree = "<group>"; };
		BBD2A5492B567EA2001A2E91 /* FlowerSdkSample.app */ = {isa = PBXFileReference; explicitFileType = wrapper.application; includeInIndex = 0; path = FlowerSdkSample.app; sourceTree = BUILT_PRODUCTS_DIR; };
		BBD2A5502B567EA2001A2E91 /* Assets.xcassets */ = {isa = PBXFileReference; lastKnownFileType = folder.assetcatalog; path = Assets.xcassets; sourceTree = "<group>"; };
		BBD2A5532B567EA2001A2E91 /* Preview Assets.xcassets */ = {isa = PBXFileReference; lastKnownFileType = folder.assetcatalog; path = "Preview Assets.xcassets"; sourceTree = "<group>"; };
		CD359C202BA75326007F6F9C /* README.md */ = {isa = PBXFileReference; fileEncoding = 4; lastKnownFileType = net.daringfireball.markdown; path = README.md; sourceTree = "<group>"; };
		CDEBEC342BA60C5200430550 /* Info.plist */ = {isa = PBXFileReference; lastKnownFileType = text.plist; path = Info.plist; sourceTree = "<group>"; };
		CDEBEC4D2BA60F8300430550 /* Video.swift */ = {isa = PBXFileReference; fileEncoding = 4; lastKnownFileType = sourcecode.swift; path = Video.swift; sourceTree = "<group>"; };
		CDEBEC4E2BA60F8300430550 /* FlowerSdkSampleApp.swift */ = {isa = PBXFileReference; fileEncoding = 4; lastKnownFileType = sourcecode.swift; path = FlowerSdkSampleApp.swift; sourceTree = "<group>"; };
		CDEBEC4F2BA60F8300430550 /* PlaybackView.swift */ = {isa = PBXFileReference; fileEncoding = 4; lastKnownFileType = sourcecode.swift; path = PlaybackView.swift; sourceTree = "<group>"; };
		CDEBEC502BA60F8300430550 /* VideoListView.swift */ = {isa = PBXFileReference; fileEncoding = 4; lastKnownFileType = sourcecode.swift; path = VideoListView.swift; sourceTree = "<group>"; };
		CDEBEC512BA60F8300430550 /* VideoList.swift */ = {isa = PBXFileReference; fileEncoding = 4; lastKnownFileType = sourcecode.swift; path = VideoList.swift; sourceTree = "<group>"; };
/* End PBXFileReference section */

/* Begin PBXFrameworksBuildPhase section */
		BBD2A5462B567EA2001A2E91 /* Frameworks */ = {
			isa = PBXFrameworksBuildPhase;
			buildActionMask = 2147483647;
			files = (
				CD359C272BA7543B007F6F9C /* FlowerSdk in Frameworks */,
			);
			runOnlyForDeploymentPostprocessing = 0;
		};
/* End PBXFrameworksBuildPhase section */

/* Begin PBXGroup section */
		BBD2A5402B567EA1001A2E91 = {
			isa = PBXGroup;
			children = (
				BBD2A54B2B567EA2001A2E91 /* FlowerSdkSample */,
				CDEBEC352BA60C5600430550 /* Frameworks */,
				BBD2A54A2B567EA2001A2E91 /* Products */,
				CD359C202BA75326007F6F9C /* README.md */,
			);
			sourceTree = "<group>";
		};
		BBD2A54A2B567EA2001A2E91 /* Products */ = {
			isa = PBXGroup;
			children = (
				BBD2A5492B567EA2001A2E91 /* FlowerSdkSample.app */,
			);
			name = Products;
			sourceTree = "<group>";
		};
		BBD2A54B2B567EA2001A2E91 /* FlowerSdkSample */ = {
			isa = PBXGroup;
			children = (
				BBD2A5502B567EA2001A2E91 /* Assets.xcassets */,
				CDEBEC4E2BA60F8300430550 /* FlowerSdkSampleApp.swift */,
				CDEBEC342BA60C5200430550 /* Info.plist */,
				CDEBEC4F2BA60F8300430550 /* PlaybackView.swift */,
				BBD2A5522B567EA2001A2E91 /* Preview Content */,
				CDEBEC4D2BA60F8300430550 /* Video.swift */,
				CDEBEC512BA60F8300430550 /* VideoList.swift */,
				CDEBEC502BA60F8300430550 /* VideoListView.swift */,
				948654545393E0722AC93990 /* FlowerSdkSample-Bridging-Header.h */,
			);
			path = FlowerSdkSample;
			sourceTree = "<group>";
		};
		BBD2A5522B567EA2001A2E91 /* Preview Content */ = {
			isa = PBXGroup;
			children = (
				BBD2A5532B567EA2001A2E91 /* Preview Assets.xcassets */,
			);
			path = "Preview Content";
			sourceTree = "<group>";
		};
		CDEBEC352BA60C5600430550 /* Frameworks */ = {
			isa = PBXGroup;
			children = (
			);
			name = Frameworks;
			sourceTree = "<group>";
		};
/* End PBXGroup section */

/* Begin PBXNativeTarget section */
		BBD2A5482B567EA2001A2E91 /* FlowerSdkSample */ = {
			isa = PBXNativeTarget;
			buildConfigurationList = BBD2A5572B567EA2001A2E91 /* Build configuration list for PBXNativeTarget "FlowerSdkSample" */;
			buildPhases = (
				BBD2A5452B567EA2001A2E91 /* Sources */,
				BBD2A5462B567EA2001A2E91 /* Frameworks */,
				BBD2A5472B567EA2001A2E91 /* Resources */,
			);
			buildRules = (
			);
			dependencies = (
			);
			name = FlowerSdkSample;
			packageProductDependencies = (
				CD359C262BA7543B007F6F9C /* FlowerSdk */,
			);
			productName = FlowerSdkSample;
			productReference = BBD2A5492B567EA2001A2E91 /* FlowerSdkSample.app */;
			productType = "com.apple.product-type.application";
		};
/* End PBXNativeTarget section */

/* Begin PBXProject section */
		BBD2A5412B567EA1001A2E91 /* Project object */ = {
			isa = PBXProject;
			attributes = {
				BuildIndependentTargetsInParallel = 1;
				LastSwiftUpdateCheck = 1500;
				LastUpgradeCheck = 1500;
				TargetAttributes = {
					BBD2A5482B567EA2001A2E91 = {
						CreatedOnToolsVersion = 15.0.1;
						LastSwiftMigration = 1530;
					};
				};
			};
			buildConfigurationList = BBD2A5442B567EA1001A2E91 /* Build configuration list for PBXProject "FlowerSdkSample" */;
			compatibilityVersion = "Xcode 14.0";
			developmentRegion = en;
			hasScannedForEncodings = 0;
			knownRegions = (
				en,
				Base,
			);
			mainGroup = BBD2A5402B567EA1001A2E91;
			packageReferences = (
				CD359C252BA7543B007F6F9C /* XCRemoteSwiftPackageReference "flower-sdk-ios" */,
			);
			productRefGroup = BBD2A54A2B567EA2001A2E91 /* Products */;
			projectDirPath = "";
			projectRoot = "";
			targets = (
				BBD2A5482B567EA2001A2E91 /* FlowerSdkSample */,
			);
		};
/* End PBXProject section */

/* Begin PBXResourcesBuildPhase section */
		BBD2A5472B567EA2001A2E91 /* Resources */ = {
			isa = PBXResourcesBuildPhase;
			buildActionMask = 2147483647;
			files = (
				CD359C212BA75326007F6F9C /* README.md in Resources */,
				BBD2A5542B567EA2001A2E91 /* Preview Assets.xcassets in Resources */,
				BBD2A5512B567EA2001A2E91 /* Assets.xcassets in Resources */,
				948658E87D45737AA6654652 /* FlowerSdkSample-Bridging-Header.h in Resources */,
			);
			runOnlyForDeploymentPostprocessing = 0;
		};
/* End PBXResourcesBuildPhase section */

/* Begin PBXSourcesBuildPhase section */
		BBD2A5452B567EA2001A2E91 /* Sources */ = {
			isa = PBXSourcesBuildPhase;
			buildActionMask = 2147483647;
			files = (
				CDEBEC562BA60F8300430550 /* VideoList.swift in Sources */,
				CDEBEC552BA60F8300430550 /* VideoListView.swift in Sources */,
				CDEBEC522BA60F8300430550 /* Video.swift in Sources */,
				CDEBEC542BA60F8300430550 /* PlaybackView.swift in Sources */,
				CDEBEC532BA60F8300430550 /* FlowerSdkSampleApp.swift in Sources */,
			);
			runOnlyForDeploymentPostprocessing = 0;
		};
/* End PBXSourcesBuildPhase section */

/* Begin XCBuildConfiguration section */
		BBD2A5552B567EA2001A2E91 /* Debug */ = {
			isa = XCBuildConfiguration;
			buildSettings = {
				ALWAYS_SEARCH_USER_PATHS = NO;
				ASSETCATALOG_COMPILER_GENERATE_SWIFT_ASSET_SYMBOL_EXTENSIONS = YES;
				CLANG_ANALYZER_NONNULL = YES;
				CLANG_ANALYZER_NUMBER_OBJECT_CONVERSION = YES_AGGRESSIVE;
				CLANG_CXX_LANGUAGE_STANDARD = "gnu++20";
				CLANG_ENABLE_MODULES = YES;
				CLANG_ENABLE_OBJC_ARC = YES;
				CLANG_ENABLE_OBJC_WEAK = YES;
				CLANG_WARN_BLOCK_CAPTURE_AUTORELEASING = YES;
				CLANG_WARN_BOOL_CONVERSION = YES;
				CLANG_WARN_COMMA = YES;
				CLANG_WARN_CONSTANT_CONVERSION = YES;
				CLANG_WARN_DEPRECATED_OBJC_IMPLEMENTATIONS = YES;
				CLANG_WARN_DIRECT_OBJC_ISA_USAGE = YES_ERROR;
				CLANG_WARN_DOCUMENTATION_COMMENTS = YES;
				CLANG_WARN_EMPTY_BODY = YES;
				CLANG_WARN_ENUM_CONVERSION = YES;
				CLANG_WARN_INFINITE_RECURSION = YES;
				CLANG_WARN_INT_CONVERSION = YES;
				CLANG_WARN_NON_LITERAL_NULL_CONVERSION = YES;
				CLANG_WARN_OBJC_IMPLICIT_RETAIN_SELF = YES;
				CLANG_WARN_OBJC_LITERAL_CONVERSION = YES;
				CLANG_WARN_OBJC_ROOT_CLASS = YES_ERROR;
				CLANG_WARN_QUOTED_INCLUDE_IN_FRAMEWORK_HEADER = YES;
				CLANG_WARN_RANGE_LOOP_ANALYSIS = YES;
				CLANG_WARN_STRICT_PROTOTYPES = YES;
				CLANG_WARN_SUSPICIOUS_MOVE = YES;
				CLANG_WARN_UNGUARDED_AVAILABILITY = YES_AGGRESSIVE;
				CLANG_WARN_UNREACHABLE_CODE = YES;
				CLANG_WARN__DUPLICATE_METHOD_MATCH = YES;
				COPY_PHASE_STRIP = NO;
				DEBUG_INFORMATION_FORMAT = dwarf;
				ENABLE_STRICT_OBJC_MSGSEND = YES;
				ENABLE_TESTABILITY = YES;
				ENABLE_USER_SCRIPT_SANDBOXING = YES;
				GCC_C_LANGUAGE_STANDARD = gnu17;
				GCC_DYNAMIC_NO_PIC = NO;
				GCC_NO_COMMON_BLOCKS = YES;
				GCC_OPTIMIZATION_LEVEL = 0;
				GCC_PREPROCESSOR_DEFINITIONS = (
					"DEBUG=1",
					"$(inherited)",
				);
				GCC_WARN_64_TO_32_BIT_CONVERSION = YES;
				GCC_WARN_ABOUT_RETURN_TYPE = YES_ERROR;
				GCC_WARN_UNDECLARED_SELECTOR = YES;
				GCC_WARN_UNINITIALIZED_AUTOS = YES_AGGRESSIVE;
				GCC_WARN_UNUSED_FUNCTION = YES;
				GCC_WARN_UNUSED_VARIABLE = YES;
				IPHONEOS_DEPLOYMENT_TARGET = 17.0;
				LOCALIZATION_PREFERS_STRING_CATALOGS = YES;
				MTL_ENABLE_DEBUG_INFO = INCLUDE_SOURCE;
				MTL_FAST_MATH = YES;
				ONLY_ACTIVE_ARCH = YES;
				SDKROOT = iphoneos;
				SWIFT_ACTIVE_COMPILATION_CONDITIONS = "DEBUG $(inherited)";
				SWIFT_OPTIMIZATION_LEVEL = "-Onone";
			};
			name = Debug;
		};
		BBD2A5562B567EA2001A2E91 /* Release */ = {
			isa = XCBuildConfiguration;
			buildSettings = {
				ALWAYS_SEARCH_USER_PATHS = NO;
				ASSETCATALOG_COMPILER_GENERATE_SWIFT_ASSET_SYMBOL_EXTENSIONS = YES;
				CLANG_ANALYZER_NONNULL = YES;
				CLANG_ANALYZER_NUMBER_OBJECT_CONVERSION = YES_AGGRESSIVE;
				CLANG_CXX_LANGUAGE_STANDARD = "gnu++20";
				CLANG_ENABLE_MODULES = YES;
				CLANG_ENABLE_OBJC_ARC = YES;
				CLANG_ENABLE_OBJC_WEAK = YES;
				CLANG_WARN_BLOCK_CAPTURE_AUTORELEASING = YES;
				CLANG_WARN_BOOL_CONVERSION = YES;
				CLANG_WARN_COMMA = YES;
				CLANG_WARN_CONSTANT_CONVERSION = YES;
				CLANG_WARN_DEPRECATED_OBJC_IMPLEMENTATIONS = YES;
				CLANG_WARN_DIRECT_OBJC_ISA_USAGE = YES_ERROR;
				CLANG_WARN_DOCUMENTATION_COMMENTS = YES;
				CLANG_WARN_EMPTY_BODY = YES;
				CLANG_WARN_ENUM_CONVERSION = YES;
				CLANG_WARN_INFINITE_RECURSION = YES;
				CLANG_WARN_INT_CONVERSION = YES;
				CLANG_WARN_NON_LITERAL_NULL_CONVERSION = YES;
				CLANG_WARN_OBJC_IMPLICIT_RETAIN_SELF = YES;
				CLANG_WARN_OBJC_LITERAL_CONVERSION = YES;
				CLANG_WARN_OBJC_ROOT_CLASS = YES_ERROR;
				CLANG_WARN_QUOTED_INCLUDE_IN_FRAMEWORK_HEADER = YES;
				CLANG_WARN_RANGE_LOOP_ANALYSIS = YES;
				CLANG_WARN_STRICT_PROTOTYPES = YES;
				CLANG_WARN_SUSPICIOUS_MOVE = YES;
				CLANG_WARN_UNGUARDED_AVAILABILITY = YES_AGGRESSIVE;
				CLANG_WARN_UNREACHABLE_CODE = YES;
				CLANG_WARN__DUPLICATE_METHOD_MATCH = YES;
				COPY_PHASE_STRIP = NO;
				DEBUG_INFORMATION_FORMAT = "dwarf-with-dsym";
				ENABLE_NS_ASSERTIONS = NO;
				ENABLE_STRICT_OBJC_MSGSEND = YES;
				ENABLE_USER_SCRIPT_SANDBOXING = YES;
				GCC_C_LANGUAGE_STANDARD = gnu17;
				GCC_NO_COMMON_BLOCKS = YES;
				GCC_WARN_64_TO_32_BIT_CONVERSION = YES;
				GCC_WARN_ABOUT_RETURN_TYPE = YES_ERROR;
				GCC_WARN_UNDECLARED_SELECTOR = YES;
				GCC_WARN_UNINITIALIZED_AUTOS = YES_AGGRESSIVE;
				GCC_WARN_UNUSED_FUNCTION = YES;
				GCC_WARN_UNUSED_VARIABLE = YES;
				IPHONEOS_DEPLOYMENT_TARGET = 17.0;
				LOCALIZATION_PREFERS_STRING_CATALOGS = YES;
				MTL_ENABLE_DEBUG_INFO = NO;
				MTL_FAST_MATH = YES;
				SDKROOT = iphoneos;
				SWIFT_COMPILATION_MODE = wholemodule;
				VALIDATE_PRODUCT = YES;
			};
			name = Release;
		};
		BBD2A5582B567EA2001A2E91 /* Debug */ = {
			isa = XCBuildConfiguration;
			buildSettings = {
				ASSETCATALOG_COMPILER_APPICON_NAME = AppIcon;
				ASSETCATALOG_COMPILER_GLOBAL_ACCENT_COLOR_NAME = AccentColor;
				CLANG_ENABLE_MODULES = YES;
				CODE_SIGN_STYLE = Automatic;
				CURRENT_PROJECT_VERSION = 1;
				DEVELOPMENT_ASSET_PATHS = "\"FlowerSdkSample/Preview Content\"";
				DEVELOPMENT_TEAM = 745XNMJ3S5;
				ENABLE_PREVIEWS = YES;
				GENERATE_INFOPLIST_FILE = YES;
				INFOPLIST_FILE = FlowerSdkSample/Info.plist;
				INFOPLIST_KEY_UIApplicationSceneManifest_Generation = YES;
				INFOPLIST_KEY_UIApplicationSupportsIndirectInputEvents = YES;
				INFOPLIST_KEY_UILaunchScreen_Generation = YES;
				INFOPLIST_KEY_UISupportedInterfaceOrientations_iPad = "UIInterfaceOrientationPortrait UIInterfaceOrientationPortraitUpsideDown UIInterfaceOrientationLandscapeLeft UIInterfaceOrientationLandscapeRight";
				INFOPLIST_KEY_UISupportedInterfaceOrientations_iPhone = "UIInterfaceOrientationPortrait UIInterfaceOrientationLandscapeLeft UIInterfaceOrientationLandscapeRight";
				IPHONEOS_DEPLOYMENT_TARGET = 15.0;
				LD_RUNPATH_SEARCH_PATHS = (
					"$(inherited)",
					"@executable_path/Frameworks",
				);
				MARKETING_VERSION = 1.0;
				PRODUCT_BUNDLE_IDENTIFIER = tv.anypoint.flower.FlowerSdkSample;
				PRODUCT_NAME = "$(TARGET_NAME)";
				SWIFT_EMIT_LOC_STRINGS = YES;
				SWIFT_OBJC_BRIDGING_HEADER = "FlowerSdkSample/FlowerSdkSample-Bridging-Header.h";
				SWIFT_OPTIMIZATION_LEVEL = "-Onone";
				SWIFT_VERSION = 5.0;
				TARGETED_DEVICE_FAMILY = "1,2";
			};
			name = Debug;
		};
		BBD2A5592B567EA2001A2E91 /* Release */ = {
			isa = XCBuildConfiguration;
			buildSettings = {
				ASSETCATALOG_COMPILER_APPICON_NAME = AppIcon;
				ASSETCATALOG_COMPILER_GLOBAL_ACCENT_COLOR_NAME = AccentColor;
				CLANG_ENABLE_MODULES = YES;
				CODE_SIGN_STYLE = Automatic;
				CURRENT_PROJECT_VERSION = 1;
				DEVELOPMENT_ASSET_PATHS = "\"FlowerSdkSample/Preview Content\"";
				DEVELOPMENT_TEAM = 745XNMJ3S5;
				ENABLE_PREVIEWS = YES;
				GENERATE_INFOPLIST_FILE = YES;
				INFOPLIST_FILE = FlowerSdkSample/Info.plist;
				INFOPLIST_KEY_UIApplicationSceneManifest_Generation = YES;
				INFOPLIST_KEY_UIApplicationSupportsIndirectInputEvents = YES;
				INFOPLIST_KEY_UILaunchScreen_Generation = YES;
				INFOPLIST_KEY_UISupportedInterfaceOrientations_iPad = "UIInterfaceOrientationPortrait UIInterfaceOrientationPortraitUpsideDown UIInterfaceOrientationLandscapeLeft UIInterfaceOrientationLandscapeRight";
				INFOPLIST_KEY_UISupportedInterfaceOrientations_iPhone = "UIInterfaceOrientationPortrait UIInterfaceOrientationLandscapeLeft UIInterfaceOrientationLandscapeRight";
				IPHONEOS_DEPLOYMENT_TARGET = 15.0;
				LD_RUNPATH_SEARCH_PATHS = (
					"$(inherited)",
					"@executable_path/Frameworks",
				);
				MARKETING_VERSION = 1.0;
				PRODUCT_BUNDLE_IDENTIFIER = tv.anypoint.flower.FlowerSdkSample;
				PRODUCT_NAME = "$(TARGET_NAME)";
				SWIFT_EMIT_LOC_STRINGS = YES;
				SWIFT_OBJC_BRIDGING_HEADER = "FlowerSdkSample/FlowerSdkSample-Bridging-Header.h";
				SWIFT_VERSION = 5.0;
				TARGETED_DEVICE_FAMILY = "1,2";
			};
			name = Release;
		};
/* End XCBuildConfiguration section */

/* Begin XCConfigurationList section */
		BBD2A5442B567EA1001A2E91 /* Build configuration list for PBXProject "FlowerSdkSample" */ = {
			isa = XCConfigurationList;
			buildConfigurations = (
				BBD2A5552B567EA2001A2E91 /* Debug */,
				BBD2A5562B567EA2001A2E91 /* Release */,
			);
			defaultConfigurationIsVisible = 0;
			defaultConfigurationName = Release;
		};
		BBD2A5572B567EA2001A2E91 /* Build configuration list for PBXNativeTarget "FlowerSdkSample" */ = {
			isa = XCConfigurationList;
			buildConfigurations = (
				BBD2A5582B567EA2001A2E91 /* Debug */,
				BBD2A5592B567EA2001A2E91 /* Release */,
			);
			defaultConfigurationIsVisible = 0;
			defaultConfigurationName = Release;
		};
/* End XCConfigurationList section */

/* Begin XCRemoteSwiftPackageReference section */
		CD359C252BA7543B007F6F9C /* XCRemoteSwiftPackageReference "flower-sdk-ios" */ = {
			isa = XCRemoteSwiftPackageReference;
			repositoryURL = "https://github.com/anypointmedia/flower-sdk-ios";
			requirement = {
				kind = exactVersion;
				version = 1.0.5;
			};
		};
/* End XCRemoteSwiftPackageReference section */

/* Begin XCSwiftPackageProductDependency section */
		CD359C262BA7543B007F6F9C /* FlowerSdk */ = {
			isa = XCSwiftPackageProductDependency;
			package = CD359C252BA7543B007F6F9C /* XCRemoteSwiftPackageReference "flower-sdk-ios" */;
			productName = FlowerSdk;
		};
/* End XCSwiftPackageProductDependency section */
	};
	rootObject = BBD2A5412B567EA1001A2E91 /* Project object */;
}
