{
  "originHash" : "44439394383ad026e213ccfa8261f146f196b2c1d4da13b583da1536e6aa84ee",
  "pins" : [
    {
      "identity" : "flower-sdk-ios",
      "kind" : "remoteSourceControl",
      "location" : "https://github.com/anypointmedia/flower-sdk-ios",
      "state" : {
        "revision" : "e669c16283a6cd5b16523d17d8f9d8fc9dc37b56",
        "version" : "1.1.12"
      }
    }
  ],
  "version" : 3
}
