{
  "originHash" : "44439394383ad026e213ccfa8261f146f196b2c1d4da13b583da1536e6aa84ee",
  "pins" : [
    {
      "identity" : "flower-sdk-ios",
      "kind" : "remoteSourceControl",
      "location" : "https://github.com/anypointmedia/flower-sdk-ios",
      "state" : {
        "revision" : "f4c8dae074208ae3c9f544547f3d4a3ed6573aeb",
        "version" : "2.0.0"
      }
    }
  ],
  "version" : 3
}
